
Microsoft Visual Studio Solution File, Format Version 12.00
# Visual Studio Version 16
VisualStudioVersion = 16.0.30503.244
MinimumVisualStudioVersion = 10.0.40219.1
Project("{FAE04EC0-301F-11D3-BF4B-00C04F79EFBC}") = "OrganizationProfile", "OrganizationProfile\OrganizationProfile.csproj", "{E0D0BD8B-1012-4912-A358-887B9776ADFE}"
EndProject
Global
	GlobalSection(SolutionConfigurationPlatforms) = preSolution
		Debug|Any CPU = Debug|Any CPU
		Release|Any CPU = Release|Any CPU
	EndGlobalSection
	GlobalSection(ProjectConfigurationPlatforms) = postSolution
		{E0D0BD8B-1012-4912-A358-887B9776ADFE}.Debug|Any CPU.ActiveCfg = Debug|Any CPU
		{E0D0BD8B-1012-4912-A358-887B9776ADFE}.Debug|Any CPU.Build.0 = Debug|Any CPU
		{E0D0BD8B-1012-4912-A358-887B9776ADFE}.Release|Any CPU.ActiveCfg = Release|Any CPU
		{E0D0BD8B-1012-4912-A358-887B9776ADFE}.Release|Any CPU.Build.0 = Release|Any CPU
	EndGlobalSection
	GlobalSection(SolutionProperties) = preSolution
		HideSolutionNode = FALSE
	EndGlobalSection
	GlobalSection(ExtensibilityGlobals) = postSolution
		SolutionGuid = {5724ADF1-D8AE-42D2-B3F7-B20652C12C04}
	EndGlobalSection
EndGlobal
